
Microsoft Visual Studio Solution File, Format Version 12.00
# Visual Studio Version 16
VisualStudioVersion = 16.0.28803.202
MinimumVisualStudioVersion = 10.0.40219.1
Project("{FAE04EC0-301F-11D3-BF4B-00C04F79EFBC}") = "ConditionalAttributes", "PreprocessorDirectives\ConditionalAttributes.csproj", "{571DBF8F-4DE0-4BE4-AF85-B0839A44FA5E}"
EndProject
Project("{FAE04EC0-301F-11D3-BF4B-00C04F79EFBC}") = "ConditionalSymbols", "ConditionalSymbols\ConditionalSymbols.csproj", "{73315A10-BEAC-46F7-9FAD-514DA2C3F91B}"
EndProject
Global
	GlobalSection(SolutionConfigurationPlatforms) = preSolution
		Debug|Any CPU = Debug|Any CPU
		Release|Any CPU = Release|Any CPU
	EndGlobalSection
	GlobalSection(ProjectConfigurationPlatforms) = postSolution
		{571DBF8F-4DE0-4BE4-AF85-B0839A44FA5E}.Debug|Any CPU.ActiveCfg = Debug|Any CPU
		{571DBF8F-4DE0-4BE4-AF85-B0839A44FA5E}.Debug|Any CPU.Build.0 = Debug|Any CPU
		{571DBF8F-4DE0-4BE4-AF85-B0839A44FA5E}.Release|Any CPU.ActiveCfg = Release|Any CPU
		{571DBF8F-4DE0-4BE4-AF85-B0839A44FA5E}.Release|Any CPU.Build.0 = Release|Any CPU
		{73315A10-BEAC-46F7-9FAD-514DA2C3F91B}.Debug|Any CPU.ActiveCfg = Debug|Any CPU
		{73315A10-BEAC-46F7-9FAD-514DA2C3F91B}.Debug|Any CPU.Build.0 = Debug|Any CPU
		{73315A10-BEAC-46F7-9FAD-514DA2C3F91B}.Release|Any CPU.ActiveCfg = Release|Any CPU
		{73315A10-BEAC-46F7-9FAD-514DA2C3F91B}.Release|Any CPU.Build.0 = Release|Any CPU
	EndGlobalSection
	GlobalSection(SolutionProperties) = preSolution
		HideSolutionNode = FALSE
	EndGlobalSection
	GlobalSection(ExtensibilityGlobals) = postSolution
		SolutionGuid = {68BDCE69-BF5A-4510-9AAB-E7AA24E1E546}
	EndGlobalSection
EndGlobal
